<Solution>
  <Folder Name="/.github/" />
  <Folder Name="/.github/workflows/">
    <File Path="docker-build.yml" />
  </Folder>
  <Project Path="net-chat-api/net-chat-api.csproj" />
  <Project Path="NetChat.Database/NetChat.Database.csproj" />
  <Project Path="NetChat.Models/NetChat.Models.csproj" />
  <Project Path="NetChat.Repository/NetChat.Repository.csproj" />
  <Project Path="NetChat.Services/NetChat.Services.csproj" />
</Solution>
